<?xml version="1.0" encoding="utf-8"?>
<Project ToolsVersion="4.0" xmlns="http://schemas.microsoft.com/developer/msbuild/2003">
  <ItemGroup>
    <Filter Include="Source Files">
      <UniqueIdentifier>{4FC737F1-C7A5-4376-A066-2A32D752A2FF}</UniqueIdentifier>
      <Extensions>cpp;c;cc;cxx;c++;def;odl;idl;hpj;bat;asm;asmx</Extensions>
    </Filter>
    <Filter Include="Header Files">
      <UniqueIdentifier>{93995380-89BD-4b04-88EB-625FBE52EBFB}</UniqueIdentifier>
      <Extensions>h;hh;hpp;hxx;h++;hm;inl;inc;ipp;xsd</Extensions>
    </Filter>
    <Filter Include="Resource Files">
      <UniqueIdentifier>{67DA6AB6-F800-4c08-8B7A-83BB121AAD01}</UniqueIdentifier>
      <Extensions>rc;ico;cur;bmp;dlg;rc2;rct;bin;rgs;gif;jpg;jpeg;jpe;resx;tiff;tif;png;wav;mfcribbon-ms</Extensions>
    </Filter>
  </ItemGroup>
  <ItemGroup>
    <ClCompile Include="1%29 TwoSum.cpp">
      <Filter>Source Files</Filter>
    </ClCompile>
    <ClCompile Include="771) Jewels and Stones.cpp">
      <Filter>Source Files</Filter>
    </ClCompile>
    <ClCompile Include="1108) Defanging an IP Address.cpp">
      <Filter>Source Files</Filter>
    </ClCompile>
    <ClCompile Include="1221) Split a String in Balanced Strings.cpp">
      <Filter>Source Files</Filter>
    </ClCompile>
    <ClCompile Include="1281) Subtract the Product and Sum of Digits of an Integer.cpp">
      <Filter>Source Files</Filter>
    </ClCompile>
    <ClCompile Include="1290) Convert Binary Number in a Linked List to Integer.cpp">
      <Filter>Source Files</Filter>
    </ClCompile>
    <ClCompile Include="1295) Find Numbers with Even Number of Digits.cpp">
      <Filter>Source Files</Filter>
    </ClCompile>
    <ClCompile Include="1342) Number of Steps to Reduce a Number to Zero.cpp">
      <Filter>Source Files</Filter>
    </ClCompile>
    <ClCompile Include="1365) How many numbers are smaller than the current number.cpp">
      <Filter>Source Files</Filter>
    </ClCompile>
    <ClCompile Include="1450) Number of Students Doing Homework at a Given Time.cpp">
      <Filter>Source Files</Filter>
    </ClCompile>
    <ClCompile Include="1470) Shuffle the Array.cpp">
      <Filter>Source Files</Filter>
    </ClCompile>
    <ClCompile Include="7) Reverse Integer.cpp">
      <Filter>Source Files</Filter>
    </ClCompile>
    <ClCompile Include="709) To Lower Case.cpp">
      <Filter>Source Files</Filter>
    </ClCompile>
    <ClCompile Include="1313) Decompress Run-Length Encoded List.cpp">
      <Filter>Source Files</Filter>
    </ClCompile>
    <ClCompile Include="1431) Kids With the Greatest Number of Candies.cpp">
      <Filter>Source Files</Filter>
    </ClCompile>
    <ClCompile Include="1480) Running Sum of 1D Array.cpp">
      <Filter>Source Files</Filter>
    </ClCompile>
    <ClCompile Include="9) Palindrome Number.cpp">
      <Filter>Source Files</Filter>
    </ClCompile>
    <ClCompile Include="1299) Replace elements with greatest element on right side.cpp">
      <Filter>Source Files</Filter>
    </ClCompile>
    <ClCompile Include="1323) Maximum 69 Number.cpp">
      <Filter>Source Files</Filter>
    </ClCompile>
    <ClCompile Include="DailyProgrammer380.cpp">
      <Filter>Header Files</Filter>
    </ClCompile>
    <ClCompile Include="1304 ) Find N unique integers sum up to zero.cpp">
      <Filter>Source Files</Filter>
    </ClCompile>
    <ClCompile Include="1475) Final prices with a special discount in a shop.cpp">
      <Filter>Source Files</Filter>
    </ClCompile>
    <ClCompile Include="1374) Generate a string with characters that have odd counts.cpp">
      <Filter>Source Files</Filter>
    </ClCompile>
    <ClCompile Include="1502) Can make arithmetic progression from sequence.cpp">
      <Filter>Source Files</Filter>
    </ClCompile>
    <ClCompile Include="1389) Create target array in given order.cpp">
      <Filter>Source Files</Filter>
    </ClCompile>
    <ClCompile Include="701) Insert into a binary search tree.cpp">
      <Filter>Source Files</Filter>
    </ClCompile>
    <ClCompile Include="344) Reverse String.cpp">
      <Filter>Source Files</Filter>
    </ClCompile>
    <ClCompile Include="1047) Remove all adjacent duplicates in string.cpp">
      <Filter>Source Files</Filter>
    </ClCompile>
    <ClCompile Include="728) Self Dividing Numbers.cpp">
      <Filter>Source Files</Filter>
    </ClCompile>
    <ClCompile Include="461) Hamming Distance.cpp">
      <Filter>Source Files</Filter>
    </ClCompile>
  </ItemGroup>
</Project>